
Microsoft Visual Studio Solution File, Format Version 12.00
# Visual Studio Version 16
VisualStudioVersion = 16.0.31313.79
MinimumVisualStudioVersion = 10.0.40219.1
Project("{FAE04EC0-301F-11D3-BF4B-00C04F79EFBC}") = "RestWithAsp-NET5Udemy", "RestWithAsp-NET5Udemy\RestWithAsp-NET5Udemy.csproj", "{A40B4ABD-4F6E-4F1C-9E22-A39D48C5C82A}"
EndProject
Global
	GlobalSection(SolutionConfigurationPlatforms) = preSolution
		Debug|Any CPU = Debug|Any CPU
		Release|Any CPU = Release|Any CPU
	EndGlobalSection
	GlobalSection(ProjectConfigurationPlatforms) = postSolution
		{A40B4ABD-4F6E-4F1C-9E22-A39D48C5C82A}.Debug|Any CPU.ActiveCfg = Debug|Any CPU
		{A40B4ABD-4F6E-4F1C-9E22-A39D48C5C82A}.Debug|Any CPU.Build.0 = Debug|Any CPU
		{A40B4ABD-4F6E-4F1C-9E22-A39D48C5C82A}.Release|Any CPU.ActiveCfg = Release|Any CPU
		{A40B4ABD-4F6E-4F1C-9E22-A39D48C5C82A}.Release|Any CPU.Build.0 = Release|Any CPU
	EndGlobalSection
	GlobalSection(SolutionProperties) = preSolution
		HideSolutionNode = FALSE
	EndGlobalSection
	GlobalSection(ExtensibilityGlobals) = postSolution
		SolutionGuid = {6126CFAC-56A1-405E-9C47-4E50850A8A73}
	EndGlobalSection
EndGlobal
